
Microsoft Visual Studio Solution File, Format Version 12.00
# Visual Studio 2012
Project("{FAE04EC0-301F-11D3-BF4B-00C04F79EFBC}") = "ToDoList2", "ToDoList2\ToDoList2.csproj", "{FCFB5597-A440-4EDD-BAB5-15C130E2F8BA}"
EndProject
Global
	GlobalSection(SolutionConfigurationPlatforms) = preSolution
		Debug|Any CPU = Debug|Any CPU
		Release|Any CPU = Release|Any CPU
	EndGlobalSection
	GlobalSection(ProjectConfigurationPlatforms) = postSolution
		{FCFB5597-A440-4EDD-BAB5-15C130E2F8BA}.Debug|Any CPU.ActiveCfg = Debug|Any CPU
		{FCFB5597-A440-4EDD-BAB5-15C130E2F8BA}.Debug|Any CPU.Build.0 = Debug|Any CPU
		{FCFB5597-A440-4EDD-BAB5-15C130E2F8BA}.Release|Any CPU.ActiveCfg = Release|Any CPU
		{FCFB5597-A440-4EDD-BAB5-15C130E2F8BA}.Release|Any CPU.Build.0 = Release|Any CPU
	EndGlobalSection
EndGlobal
